
Microsoft Visual Studio Solution File, Format Version 12.00
# Visual Studio Version 16
VisualStudioVersion = 16.0.31410.357
MinimumVisualStudioVersion = 10.0.40219.1
Project("{9A19103F-16F7-4668-BE54-9A1E7A4F7556}") = "Metotlar", "Metotlar\Metotlar.csproj", "{432EC420-758C-44FF-BA6B-A5E6CAB30FDE}"
EndProject
Project("{FAE04EC0-301F-11D3-BF4B-00C04F79EFBC}") = "Matematik", "Matematik\Matematik.csproj", "{22B69200-3DBC-4048-B32C-0F6DB4EA21BE}"
EndProject
Project("{FAE04EC0-301F-11D3-BF4B-00C04F79EFBC}") = "DegerveReferansTipler", "DegerveReferansTipler\DegerveReferansTipler.csproj", "{46AEB438-1A2A-42CF-8560-0F691308004F}"
EndProject
Global
	GlobalSection(SolutionConfigurationPlatforms) = preSolution
		Debug|Any CPU = Debug|Any CPU
		Release|Any CPU = Release|Any CPU
	EndGlobalSection
	GlobalSection(ProjectConfigurationPlatforms) = postSolution
		{432EC420-758C-44FF-BA6B-A5E6CAB30FDE}.Debug|Any CPU.ActiveCfg = Debug|Any CPU
		{432EC420-758C-44FF-BA6B-A5E6CAB30FDE}.Debug|Any CPU.Build.0 = Debug|Any CPU
		{432EC420-758C-44FF-BA6B-A5E6CAB30FDE}.Release|Any CPU.ActiveCfg = Release|Any CPU
		{432EC420-758C-44FF-BA6B-A5E6CAB30FDE}.Release|Any CPU.Build.0 = Release|Any CPU
		{22B69200-3DBC-4048-B32C-0F6DB4EA21BE}.Debug|Any CPU.ActiveCfg = Debug|Any CPU
		{22B69200-3DBC-4048-B32C-0F6DB4EA21BE}.Debug|Any CPU.Build.0 = Debug|Any CPU
		{22B69200-3DBC-4048-B32C-0F6DB4EA21BE}.Release|Any CPU.ActiveCfg = Release|Any CPU
		{22B69200-3DBC-4048-B32C-0F6DB4EA21BE}.Release|Any CPU.Build.0 = Release|Any CPU
		{46AEB438-1A2A-42CF-8560-0F691308004F}.Debug|Any CPU.ActiveCfg = Debug|Any CPU
		{46AEB438-1A2A-42CF-8560-0F691308004F}.Debug|Any CPU.Build.0 = Debug|Any CPU
		{46AEB438-1A2A-42CF-8560-0F691308004F}.Release|Any CPU.ActiveCfg = Release|Any CPU
		{46AEB438-1A2A-42CF-8560-0F691308004F}.Release|Any CPU.Build.0 = Release|Any CPU
	EndGlobalSection
	GlobalSection(SolutionProperties) = preSolution
		HideSolutionNode = FALSE
	EndGlobalSection
	GlobalSection(ExtensibilityGlobals) = postSolution
		SolutionGuid = {802A8C8D-863C-4F75-A218-952536D89C6B}
	EndGlobalSection
EndGlobal
